// !$*UTF8*$!
{
	archiveVersion = 1;
	classes = {
	};
	objectVersion = 46;
	objects = {

/* Begin PBXBuildFile section */
		2E7C7EA31F0772530080C117 /* AppDelegate.swift in Sources */ = {isa = PBXBuildFile; fileRef = 2E7C7EA21F0772530080C117 /* AppDelegate.swift */; };
		2E7C7EA51F0772530080C117 /* ViewController.swift in Sources */ = {isa = PBXBuildFile; fileRef = 2E7C7EA41F0772530080C117 /* ViewController.swift */; };
		2E7C7EA81F0772530080C117 /* Main.storyboard in Resources */ = {isa = PBXBuildFile; fileRef = 2E7C7EA61F0772530080C117 /* Main.storyboard */; };
		2E7C7EAA1F0772530080C117 /* Assets.xcassets in Resources */ = {isa = PBXBuildFile; fileRef = 2E7C7EA91F0772530080C117 /* Assets.xcassets */; };
		2E7C7EAD1F0772530080C117 /* LaunchScreen.storyboard in Resources */ = {isa = PBXBuildFile; fileRef = 2E7C7EAB1F0772530080C117 /* LaunchScreen.storyboard */; };
/* End PBXBuildFile section */

/* Begin PBXFileReference section */
		2E7C7E9F1F0772530080C117 /* mySwift.app */ = {isa = PBXFileReference; explicitFileType = wrapper.application; includeInIndex = 0; path = mySwift.app; sourceTree = BUILT_PRODUCTS_DIR; };
		2E7C7EA21F0772530080C117 /* AppDelegate.swift */ = {isa = PBXFileReference; lastKnownFileType = sourcecode.swift; path = AppDelegate.swift; sourceTree = "<group>"; };
		2E7C7EA41F0772530080C117 /* ViewController.swift */ = {isa = PBXFileReference; lastKnownFileType = sourcecode.swift; path = ViewController.swift; sourceTree = "<group>"; };
		2E7C7EA71F0772530080C117 /* Base */ = {isa = PBXFileReference; lastKnownFileType = file.storyboard; name = Base; path = Base.lproj/Main.storyboard; sourceTree = "<group>"; };
		2E7C7EA91F0772530080C117 /* Assets.xcassets */ = {isa = PBXFileReference; lastKnownFileType = folder.assetcatalog; path = Assets.xcassets; sourceTree = "<group>"; };
		2E7C7EAC1F0772530080C117 /* Base */ = {isa = PBXFileReference; lastKnownFileType = file.storyboard; name = Base; path = Base.lproj/LaunchScreen.storyboard; sourceTree = "<group>"; };
		2E7C7EAE1F0772530080C117 /* Info.plist */ = {isa = PBXFileReference; lastKnownFileType = text.plist.xml; path = Info.plist; sourceTree = "<group>"; };
/* End PBXFileReference section */

/* Begin PBXFrameworksBuildPhase section */
		2E7C7E9C1F0772530080C117 /* Frameworks */ = {
			isa = PBXFrameworksBuildPhase;
			buildActionMask = 2147483647;
			files = (
			);
			runOnlyForDeploymentPostprocessing = 0;
		};
/* End PBXFrameworksBuildPhase section */

/* Begin PBXGroup section */
		2E7C7E961F0772530080C117 = {
			isa = PBXGroup;
			children = (
				2E7C7EA11F0772530080C117 /* mySwift */,
				2E7C7EA01F0772530080C117 /* Products */,
			);
			sourceTree = "<group>";
		};
		2E7C7EA01F0772530080C117 /* Products */ = {
			isa = PBXGroup;
			children = (
				2E7C7E9F1F0772530080C117 /* mySwift.app */,
			);
			name = Products;
			sourceTree = "<group>";
		};
		2E7C7EA11F0772530080C117 /* mySwift */ = {
			isa = PBXGroup;
			children = (
				2E7C7EA21F0772530080C117 /* AppDelegate.swift */,
				2E7C7EA41F0772530080C117 /* ViewController.swift */,
				2E7C7EA61F0772530080C117 /* Main.storyboard */,
				2E7C7EA91F0772530080C117 /* Assets.xcassets */,
				2E7C7EAB1F0772530080C117 /* LaunchScreen.storyboard */,
				2E7C7EAE1F0772530080C117 /* Info.plist */,
			);
			path = mySwift;
			sourceTree = "<group>";
		};
/* End PBXGroup section */

/* Begin PBXNativeTarget section */
		2E7C7E9E1F0772530080C117 /* mySwift */ = {
			isa = PBXNativeTarget;
			buildConfigurationList = 2E7C7EB11F0772530080C117 /* Build configuration list for PBXNativeTarget "mySwift" */;
			buildPhases = (
				2E7C7E9B1F0772530080C117 /* Sources */,
				2E7C7E9C1F0772530080C117 /* Frameworks */,
				2E7C7E9D1F0772530080C117 /* Resources */,
			);
			buildRules = (
			);
			dependencies = (
			);
			name = mySwift;
			productName = mySwift;
			productReference = 2E7C7E9F1F0772530080C117 /* mySwift.app */;
			productType = "com.apple.product-type.application";
		};
/* End PBXNativeTarget section */

/* Begin PBXProject section */
		2E7C7E971F0772530080C117 /* Project object */ = {
			isa = PBXProject;
			attributes = {
				LastSwiftUpdateCheck = 0830;
				LastUpgradeCheck = 0830;
				ORGANIZATIONNAME = ytlvy.com;
				TargetAttributes = {
					2E7C7E9E1F0772530080C117 = {
						CreatedOnToolsVersion = 8.3.1;
						DevelopmentTeam = V7SGL5CCQ8;
						ProvisioningStyle = Automatic;
					};
				};
			};
			buildConfigurationList = 2E7C7E9A1F0772530080C117 /* Build configuration list for PBXProject "mySwift" */;
			compatibilityVersion = "Xcode 3.2";
			developmentRegion = English;
			hasScannedForEncodings = 0;
			knownRegions = (
				en,
				Base,
			);
			mainGroup = 2E7C7E961F0772530080C117;
			productRefGroup = 2E7C7EA01F0772530080C117 /* Products */;
			projectDirPath = "";
			projectRoot = "";
			targets = (
				2E7C7E9E1F0772530080C117 /* mySwift */,
			);
		};
/* End PBXProject section */

/* Begin PBXResourcesBuildPhase section */
		2E7C7E9D1F0772530080C117 /* Resources */ = {
			isa = PBXResourcesBuildPhase;
			buildActionMask = 2147483647;
			files = (
				2E7C7EAD1F0772530080C117 /* LaunchScreen.storyboard in Resources */,
				2E7C7EAA1F0772530080C117 /* Assets.xcassets in Resources */,
				2E7C7EA81F0772530080C117 /* Main.storyboard in Resources */,
			);
			runOnlyForDeploymentPostprocessing = 0;
		};
/* End PBXResourcesBuildPhase section */

/* Begin PBXSourcesBuildPhase section */
		2E7C7E9B1F0772530080C117 /* Sources */ = {
			isa = PBXSourcesBuildPhase;
			buildActionMask = 2147483647;
			files = (
				2E7C7EA51F0772530080C117 /* ViewController.swift in Sources */,
				2E7C7EA31F0772530080C117 /* AppDelegate.swift in Sources */,
			);
			runOnlyForDeploymentPostprocessing = 0;
		};
/* End PBXSourcesBuildPhase section */

/* Begin PBXVariantGroup section */
		2E7C7EA61F0772530080C117 /* Main.storyboard */ = {
			isa = PBXVariantGroup;
			children = (
				2E7C7EA71F0772530080C117 /* Base */,
			);
			name = Main.storyboard;
			sourceTree = "<group>";
		};
		2E7C7EAB1F0772530080C117 /* LaunchScreen.storyboard */ = {
			isa = PBXVariantGroup;
			children = (
				2E7C7EAC1F0772530080C117 /* Base */,
			);
			name = LaunchScreen.storyboard;
			sourceTree = "<group>";
		};
/* End PBXVariantGroup section */

/* Begin XCBuildConfiguration section */
		2E7C7EAF1F0772530080C117 /* Debug */ = {
			isa = XCBuildConfiguration;
			buildSettings = {
				ALWAYS_SEARCH_USER_PATHS = NO;
				CLANG_ANALYZER_NONNULL = YES;
				CLANG_ANALYZER_NUMBER_OBJECT_CONVERSION = YES_AGGRESSIVE;
				CLANG_CXX_LANGUAGE_STANDARD = "gnu++0x";
				CLANG_CXX_LIBRARY = "libc++";
				CLANG_ENABLE_MODULES = YES;
				CLANG_ENABLE_OBJC_ARC = YES;
				CLANG_WARN_BOOL_CONVERSION = YES;
				CLANG_WARN_CONSTANT_CONVERSION = YES;
				CLANG_WARN_DIRECT_OBJC_ISA_USAGE = YES_ERROR;
				CLANG_WARN_DOCUMENTATION_COMMENTS = YES;
				CLANG_WARN_EMPTY_BODY = YES;
				CLANG_WARN_ENUM_CONVERSION = YES;
				CLANG_WARN_INFINITE_RECURSION = YES;
				CLANG_WARN_INT_CONVERSION = YES;
				CLANG_WARN_OBJC_ROOT_CLASS = YES_ERROR;
				CLANG_WARN_SUSPICIOUS_MOVE = YES;
				CLANG_WARN_UNREACHABLE_CODE = YES;
				CLANG_WARN__DUPLICATE_METHOD_MATCH = YES;
				"CODE_SIGN_IDENTITY[sdk=iphoneos*]" = "iPhone Developer";
				COPY_PHASE_STRIP = NO;
				DEBUG_INFORMATION_FORMAT = dwarf;
				ENABLE_STRICT_OBJC_MSGSEND = YES;
				ENABLE_TESTABILITY = YES;
				GCC_C_LANGUAGE_STANDARD = gnu99;
				GCC_DYNAMIC_NO_PIC = NO;
				GCC_NO_COMMON_BLOCKS = YES;
				GCC_OPTIMIZATION_LEVEL = 0;
				GCC_PREPROCESSOR_DEFINITIONS = (
					"DEBUG=1",
					"$(inherited)",
				);
				GCC_WARN_64_TO_32_BIT_CONVERSION = YES;
				GCC_WARN_ABOUT_RETURN_TYPE = YES_ERROR;
				GCC_WARN_UNDECLARED_SELECTOR = YES;
				GCC_WARN_UNINITIALIZED_AUTOS = YES_AGGRESSIVE;
				GCC_WARN_UNUSED_FUNCTION = YES;
				GCC_WARN_UNUSED_VARIABLE = YES;
				IPHONEOS_DEPLOYMENT_TARGET = 10.3;
				MTL_ENABLE_DEBUG_INFO = YES;
				ONLY_ACTIVE_ARCH = YES;
				SDKROOT = iphoneos;
				SWIFT_ACTIVE_COMPILATION_CONDITIONS = DEBUG;
				SWIFT_OPTIMIZATION_LEVEL = "-Onone";
			};
			name = Debug;
		};
		2E7C7EB01F0772530080C117 /* Release */ = {
			isa = XCBuildConfiguration;
			buildSettings = {
				ALWAYS_SEARCH_USER_PATHS = NO;
				CLANG_ANALYZER_NONNULL = YES;
				CLANG_ANALYZER_NUMBER_OBJECT_CONVERSION = YES_AGGRESSIVE;
				CLANG_CXX_LANGUAGE_STANDARD = "gnu++0x";
				CLANG_CXX_LIBRARY = "libc++";
				CLANG_ENABLE_MODULES = YES;
				CLANG_ENABLE_OBJC_ARC = YES;
				CLANG_WARN_BOOL_CONVERSION = YES;
				CLANG_WARN_CONSTANT_CONVERSION = YES;
				CLANG_WARN_DIRECT_OBJC_ISA_USAGE = YES_ERROR;
				CLANG_WARN_DOCUMENTATION_COMMENTS = YES;
				CLANG_WARN_EMPTY_BODY = YES;
				CLANG_WARN_ENUM_CONVERSION = YES;
				CLANG_WARN_INFINITE_RECURSION = YES;
				CLANG_WARN_INT_CONVERSION = YES;
				CLANG_WARN_OBJC_ROOT_CLASS = YES_ERROR;
				CLANG_WARN_SUSPICIOUS_MOVE = YES;
				CLANG_WARN_UNREACHABLE_CODE = YES;
				CLANG_WARN__DUPLICATE_METHOD_MATCH = YES;
				"CODE_SIGN_IDENTITY[sdk=iphoneos*]" = "iPhone Developer";
				COPY_PHASE_STRIP = NO;
				DEBUG_INFORMATION_FORMAT = "dwarf-with-dsym";
				ENABLE_NS_ASSERTIONS = NO;
				ENABLE_STRICT_OBJC_MSGSEND = YES;
				GCC_C_LANGUAGE_STANDARD = gnu99;
				GCC_NO_COMMON_BLOCKS = YES;
				GCC_WARN_64_TO_32_BIT_CONVERSION = YES;
				GCC_WARN_ABOUT_RETURN_TYPE = YES_ERROR;
				GCC_WARN_UNDECLARED_SELECTOR = YES;
				GCC_WARN_UNINITIALIZED_AUTOS = YES_AGGRESSIVE;
				GCC_WARN_UNUSED_FUNCTION = YES;
				GCC_WARN_UNUSED_VARIABLE = YES;
				IPHONEOS_DEPLOYMENT_TARGET = 10.3;
				MTL_ENABLE_DEBUG_INFO = NO;
				SDKROOT = iphoneos;
				SWIFT_OPTIMIZATION_LEVEL = "-Owholemodule";
				VALIDATE_PRODUCT = YES;
			};
			name = Release;
		};
		2E7C7EB21F0772530080C117 /* Debug */ = {
			isa = XCBuildConfiguration;
			buildSettings = {
				ASSETCATALOG_COMPILER_APPICON_NAME = AppIcon;
				DEVELOPMENT_TEAM = V7SGL5CCQ8;
				INFOPLIST_FILE = mySwift/Info.plist;
				LD_RUNPATH_SEARCH_PATHS = "$(inherited) @executable_path/Frameworks";
				PRODUCT_BUNDLE_IDENTIFIER = com.ytlvy.mySwift;
				PRODUCT_NAME = "$(TARGET_NAME)";
				SWIFT_VERSION = 3.0;
			};
			name = Debug;
		};
		2E7C7EB31F0772530080C117 /* Release */ = {
			isa = XCBuildConfiguration;
			buildSettings = {
				ASSETCATALOG_COMPILER_APPICON_NAME = AppIcon;
				DEVELOPMENT_TEAM = V7SGL5CCQ8;
				INFOPLIST_FILE = mySwift/Info.plist;
				LD_RUNPATH_SEARCH_PATHS = "$(inherited) @executable_path/Frameworks";
				PRODUCT_BUNDLE_IDENTIFIER = com.ytlvy.mySwift;
				PRODUCT_NAME = "$(TARGET_NAME)";
				SWIFT_VERSION = 3.0;
			};
			name = Release;
		};
/* End XCBuildConfiguration section */

/* Begin XCConfigurationList section */
		2E7C7E9A1F0772530080C117 /* Build configuration list for PBXProject "mySwift" */ = {
			isa = XCConfigurationList;
			buildConfigurations = (
				2E7C7EAF1F0772530080C117 /* Debug */,
				2E7C7EB01F0772530080C117 /* Release */,
			);
			defaultConfigurationIsVisible = 0;
			defaultConfigurationName = Release;
		};
		2E7C7EB11F0772530080C117 /* Build configuration list for PBXNativeTarget "mySwift" */ = {
			isa = XCConfigurationList;
			buildConfigurations = (
				2E7C7EB21F0772530080C117 /* Debug */,
				2E7C7EB31F0772530080C117 /* Release */,
			);
			defaultConfigurationIsVisible = 0;
		};
/* End XCConfigurationList section */
	};
	rootObject = 2E7C7E971F0772530080C117 /* Project object */;
}
